
Microsoft Visual Studio Solution File, Format Version 12.00
# Visual Studio Version 17
VisualStudioVersion = 17.3.32929.385
MinimumVisualStudioVersion = 10.0.40219.1
Project("{9A19103F-16F7-4668-BE54-9A1E7A4F7556}") = "AkademiPlusApi.PresentationLayer", "AkademiPlusApi.PresentationLayer\AkademiPlusApi.PresentationLayer.csproj", "{3FBA64AA-075E-4F12-82B5-5607E0CFA6DF}"
EndProject
Project("{9A19103F-16F7-4668-BE54-9A1E7A4F7556}") = "AkademiPlusApi.EntityLayer", "AkademiPlusApi.EntityLayer\AkademiPlusApi.EntityLayer.csproj", "{192D2F55-04C2-4A71-9392-9AED6D3576C9}"
EndProject
Project("{9A19103F-16F7-4668-BE54-9A1E7A4F7556}") = "AkademiPlusApi.DataAccessLayer", "AkademiPlusApi.DataAccessLayer\AkademiPlusApi.DataAccessLayer.csproj", "{D4F4AAC2-53BF-4D3A-9827-91E674E33AE8}"
EndProject
Project("{9A19103F-16F7-4668-BE54-9A1E7A4F7556}") = "AkademiPlusApi.BusinessLayer", "AkademiPlusApi.BusinessLayer\AkademiPlusApi.BusinessLayer.csproj", "{88A6C3D8-77AB-4F60-9C80-44314940C400}"
EndProject
Project("{FAE04EC0-301F-11D3-BF4B-00C04F79EFBC}") = "AkademiPlusApi.ConsumeLayer", "AkademiPlusApi.ConsumeLayer\AkademiPlusApi.ConsumeLayer.csproj", "{4D7F85CE-B446-461E-93BC-3783D7F01988}"
EndProject
Global
	GlobalSection(SolutionConfigurationPlatforms) = preSolution
		Debug|Any CPU = Debug|Any CPU
		Release|Any CPU = Release|Any CPU
	EndGlobalSection
	GlobalSection(ProjectConfigurationPlatforms) = postSolution
		{3FBA64AA-075E-4F12-82B5-5607E0CFA6DF}.Debug|Any CPU.ActiveCfg = Debug|Any CPU
		{3FBA64AA-075E-4F12-82B5-5607E0CFA6DF}.Debug|Any CPU.Build.0 = Debug|Any CPU
		{3FBA64AA-075E-4F12-82B5-5607E0CFA6DF}.Release|Any CPU.ActiveCfg = Release|Any CPU
		{3FBA64AA-075E-4F12-82B5-5607E0CFA6DF}.Release|Any CPU.Build.0 = Release|Any CPU
		{192D2F55-04C2-4A71-9392-9AED6D3576C9}.Debug|Any CPU.ActiveCfg = Debug|Any CPU
		{192D2F55-04C2-4A71-9392-9AED6D3576C9}.Debug|Any CPU.Build.0 = Debug|Any CPU
		{192D2F55-04C2-4A71-9392-9AED6D3576C9}.Release|Any CPU.ActiveCfg = Release|Any CPU
		{192D2F55-04C2-4A71-9392-9AED6D3576C9}.Release|Any CPU.Build.0 = Release|Any CPU
		{D4F4AAC2-53BF-4D3A-9827-91E674E33AE8}.Debug|Any CPU.ActiveCfg = Debug|Any CPU
		{D4F4AAC2-53BF-4D3A-9827-91E674E33AE8}.Debug|Any CPU.Build.0 = Debug|Any CPU
		{D4F4AAC2-53BF-4D3A-9827-91E674E33AE8}.Release|Any CPU.ActiveCfg = Release|Any CPU
		{D4F4AAC2-53BF-4D3A-9827-91E674E33AE8}.Release|Any CPU.Build.0 = Release|Any CPU
		{88A6C3D8-77AB-4F60-9C80-44314940C400}.Debug|Any CPU.ActiveCfg = Debug|Any CPU
		{88A6C3D8-77AB-4F60-9C80-44314940C400}.Debug|Any CPU.Build.0 = Debug|Any CPU
		{88A6C3D8-77AB-4F60-9C80-44314940C400}.Release|Any CPU.ActiveCfg = Release|Any CPU
		{88A6C3D8-77AB-4F60-9C80-44314940C400}.Release|Any CPU.Build.0 = Release|Any CPU
		{4D7F85CE-B446-461E-93BC-3783D7F01988}.Debug|Any CPU.ActiveCfg = Debug|Any CPU
		{4D7F85CE-B446-461E-93BC-3783D7F01988}.Debug|Any CPU.Build.0 = Debug|Any CPU
		{4D7F85CE-B446-461E-93BC-3783D7F01988}.Release|Any CPU.ActiveCfg = Release|Any CPU
		{4D7F85CE-B446-461E-93BC-3783D7F01988}.Release|Any CPU.Build.0 = Release|Any CPU
	EndGlobalSection
	GlobalSection(SolutionProperties) = preSolution
		HideSolutionNode = FALSE
	EndGlobalSection
	GlobalSection(ExtensibilityGlobals) = postSolution
		SolutionGuid = {07242BCA-6762-4B46-85F4-68AFA4094628}
	EndGlobalSection
EndGlobal
